// !$*UTF8*$!
{
	archiveVersion = 1;
	classes = {
	};
	objectVersion = 46;
	objects = {

/* Begin PBXBuildFile section */
		F86FD22B1C10E70A00E0DBCE /* Settings.bundle in Resources */ = {isa = PBXBuildFile; fileRef = F86FD22A1C10E70A00E0DBCE /* Settings.bundle */; };
		F86FD22D1C10E8E900E0DBCE /* Formatters.swift in Sources */ = {isa = PBXBuildFile; fileRef = F86FD22C1C10E8E900E0DBCE /* Formatters.swift */; };
		F86FD22F1C10EA5600E0DBCE /* String+Comparison.swift in Sources */ = {isa = PBXBuildFile; fileRef = F86FD22E1C10EA5600E0DBCE /* String+Comparison.swift */; };
		F8A2558E1BF3D2F90045C482 /* AppDelegate.swift in Sources */ = {isa = PBXBuildFile; fileRef = F8A2558D1BF3D2F90045C482 /* AppDelegate.swift */; };
		F8A255901BF3D2F90045C482 /* MovieListViewController.swift in Sources */ = {isa = PBXBuildFile; fileRef = F8A2558F1BF3D2F90045C482 /* MovieListViewController.swift */; };
		F8A255931BF3D2F90045C482 /* Main.storyboard in Resources */ = {isa = PBXBuildFile; fileRef = F8A255911BF3D2F90045C482 /* Main.storyboard */; };
		F8A255951BF3D2F90045C482 /* Assets.xcassets in Resources */ = {isa = PBXBuildFile; fileRef = F8A255941BF3D2F90045C482 /* Assets.xcassets */; };
		F8A255981BF3D2F90045C482 /* LaunchScreen.storyboard in Resources */ = {isa = PBXBuildFile; fileRef = F8A255961BF3D2F90045C482 /* LaunchScreen.storyboard */; };
		F8D7E6731BF3E183009772C7 /* APIManager.swift in Sources */ = {isa = PBXBuildFile; fileRef = F8D7E6721BF3E183009772C7 /* APIManager.swift */; };
		F8D7E6751BF3FFCF009772C7 /* Movie.swift in Sources */ = {isa = PBXBuildFile; fileRef = F8D7E6741BF3FFCF009772C7 /* Movie.swift */; };
		F8D7E6771BFA8838009772C7 /* Person.swift in Sources */ = {isa = PBXBuildFile; fileRef = F8D7E6761BFA8838009772C7 /* Person.swift */; };
		F8D7E6791BFA91B0009772C7 /* ActorSearchViewController.swift in Sources */ = {isa = PBXBuildFile; fileRef = F8D7E6781BFA91AF009772C7 /* ActorSearchViewController.swift */; };
		F8D7E67B1BFA9200009772C7 /* StartGameViewController.swift in Sources */ = {isa = PBXBuildFile; fileRef = F8D7E67A1BFA9200009772C7 /* StartGameViewController.swift */; };
		F8D7E6851C0DDE3E009772C7 /* OptionsInfoViewController.swift in Sources */ = {isa = PBXBuildFile; fileRef = F8D7E6841C0DDE3E009772C7 /* OptionsInfoViewController.swift */; };
		F8D7E6871C0DE0BD009772C7 /* UIViewController+ShowAlert.swift in Sources */ = {isa = PBXBuildFile; fileRef = F8D7E6861C0DE0BD009772C7 /* UIViewController+ShowAlert.swift */; };
		F8D7E6891C0E5296009772C7 /* PListUtility.swift in Sources */ = {isa = PBXBuildFile; fileRef = F8D7E6881C0E5296009772C7 /* PListUtility.swift */; };
		F8D7E68B1C0E5448009772C7 /* Options.plist in Resources */ = {isa = PBXBuildFile; fileRef = F8D7E68A1C0E5448009772C7 /* Options.plist */; };
		F8D7E68D1C0F3E7C009772C7 /* Constants.swift in Sources */ = {isa = PBXBuildFile; fileRef = F8D7E68C1C0F3E7C009772C7 /* Constants.swift */; };
		FB2640283882B67850221F04 /* Pods.framework in Frameworks */ = {isa = PBXBuildFile; fileRef = B6D92F14FC681812FC7B7E4D /* Pods.framework */; };
/* End PBXBuildFile section */

/* Begin PBXFileReference section */
		16053C1CE6D6CCA6FDE715D2 /* Pods.release.xcconfig */ = {isa = PBXFileReference; includeInIndex = 1; lastKnownFileType = text.xcconfig; name = Pods.release.xcconfig; path = "Pods/Target Support Files/Pods/Pods.release.xcconfig"; sourceTree = "<group>"; };
		84275FE9D9333421DA8929C2 /* Pods.debug.xcconfig */ = {isa = PBXFileReference; includeInIndex = 1; lastKnownFileType = text.xcconfig; name = Pods.debug.xcconfig; path = "Pods/Target Support Files/Pods/Pods.debug.xcconfig"; sourceTree = "<group>"; };
		B6D92F14FC681812FC7B7E4D /* Pods.framework */ = {isa = PBXFileReference; explicitFileType = wrapper.framework; includeInIndex = 0; path = Pods.framework; sourceTree = BUILT_PRODUCTS_DIR; };
		F86FD22A1C10E70A00E0DBCE /* Settings.bundle */ = {isa = PBXFileReference; lastKnownFileType = "wrapper.plug-in"; path = Settings.bundle; sourceTree = "<group>"; };
		F86FD22C1C10E8E900E0DBCE /* Formatters.swift */ = {isa = PBXFileReference; fileEncoding = 4; lastKnownFileType = sourcecode.swift; path = Formatters.swift; sourceTree = "<group>"; };
		F86FD22E1C10EA5600E0DBCE /* String+Comparison.swift */ = {isa = PBXFileReference; fileEncoding = 4; lastKnownFileType = sourcecode.swift; path = "String+Comparison.swift"; sourceTree = "<group>"; };
		F8A2558A1BF3D2F90045C482 /* LastMan.app */ = {isa = PBXFileReference; explicitFileType = wrapper.application; includeInIndex = 0; path = LastMan.app; sourceTree = BUILT_PRODUCTS_DIR; };
		F8A2558D1BF3D2F90045C482 /* AppDelegate.swift */ = {isa = PBXFileReference; lastKnownFileType = sourcecode.swift; path = AppDelegate.swift; sourceTree = "<group>"; };
		F8A2558F1BF3D2F90045C482 /* MovieListViewController.swift */ = {isa = PBXFileReference; lastKnownFileType = sourcecode.swift; path = MovieListViewController.swift; sourceTree = "<group>"; };
		F8A255921BF3D2F90045C482 /* Base */ = {isa = PBXFileReference; lastKnownFileType = file.storyboard; name = Base; path = Base.lproj/Main.storyboard; sourceTree = "<group>"; };
		F8A255941BF3D2F90045C482 /* Assets.xcassets */ = {isa = PBXFileReference; lastKnownFileType = folder.assetcatalog; path = Assets.xcassets; sourceTree = "<group>"; };
		F8A255971BF3D2F90045C482 /* Base */ = {isa = PBXFileReference; lastKnownFileType = file.storyboard; name = Base; path = Base.lproj/LaunchScreen.storyboard; sourceTree = "<group>"; };
		F8A255991BF3D2F90045C482 /* Info.plist */ = {isa = PBXFileReference; lastKnownFileType = text.plist.xml; path = Info.plist; sourceTree = "<group>"; };
		F8D7E6721BF3E183009772C7 /* APIManager.swift */ = {isa = PBXFileReference; fileEncoding = 4; lastKnownFileType = sourcecode.swift; path = APIManager.swift; sourceTree = "<group>"; };
		F8D7E6741BF3FFCF009772C7 /* Movie.swift */ = {isa = PBXFileReference; fileEncoding = 4; lastKnownFileType = sourcecode.swift; path = Movie.swift; sourceTree = "<group>"; };
		F8D7E6761BFA8838009772C7 /* Person.swift */ = {isa = PBXFileReference; fileEncoding = 4; lastKnownFileType = sourcecode.swift; path = Person.swift; sourceTree = "<group>"; };
		F8D7E6781BFA91AF009772C7 /* ActorSearchViewController.swift */ = {isa = PBXFileReference; fileEncoding = 4; lastKnownFileType = sourcecode.swift; path = ActorSearchViewController.swift; sourceTree = "<group>"; };
		F8D7E67A1BFA9200009772C7 /* StartGameViewController.swift */ = {isa = PBXFileReference; fileEncoding = 4; lastKnownFileType = sourcecode.swift; path = StartGameViewController.swift; sourceTree = "<group>"; };
		F8D7E6841C0DDE3E009772C7 /* OptionsInfoViewController.swift */ = {isa = PBXFileReference; fileEncoding = 4; lastKnownFileType = sourcecode.swift; path = OptionsInfoViewController.swift; sourceTree = "<group>"; };
		F8D7E6861C0DE0BD009772C7 /* UIViewController+ShowAlert.swift */ = {isa = PBXFileReference; fileEncoding = 4; lastKnownFileType = sourcecode.swift; path = "UIViewController+ShowAlert.swift"; sourceTree = "<group>"; };
		F8D7E6881C0E5296009772C7 /* PListUtility.swift */ = {isa = PBXFileReference; fileEncoding = 4; lastKnownFileType = sourcecode.swift; path = PListUtility.swift; sourceTree = "<group>"; };
		F8D7E68A1C0E5448009772C7 /* Options.plist */ = {isa = PBXFileReference; fileEncoding = 4; lastKnownFileType = text.plist.xml; path = Options.plist; sourceTree = "<group>"; };
		F8D7E68C1C0F3E7C009772C7 /* Constants.swift */ = {isa = PBXFileReference; fileEncoding = 4; lastKnownFileType = sourcecode.swift; path = Constants.swift; sourceTree = "<group>"; };
/* End PBXFileReference section */

/* Begin PBXFrameworksBuildPhase section */
		F8A255871BF3D2F90045C482 /* Frameworks */ = {
			isa = PBXFrameworksBuildPhase;
			buildActionMask = 2147483647;
			files = (
				FB2640283882B67850221F04 /* Pods.framework in Frameworks */,
			);
			runOnlyForDeploymentPostprocessing = 0;
		};
/* End PBXFrameworksBuildPhase section */

/* Begin PBXGroup section */
		4C99671BCEE159D26BB7958B /* Frameworks */ = {
			isa = PBXGroup;
			children = (
				B6D92F14FC681812FC7B7E4D /* Pods.framework */,
			);
			name = Frameworks;
			sourceTree = "<group>";
		};
		82937BB843134C7898FFAC50 /* Pods */ = {
			isa = PBXGroup;
			children = (
				84275FE9D9333421DA8929C2 /* Pods.debug.xcconfig */,
				16053C1CE6D6CCA6FDE715D2 /* Pods.release.xcconfig */,
			);
			name = Pods;
			sourceTree = "<group>";
		};
		F8A255811BF3D2F90045C482 = {
			isa = PBXGroup;
			children = (
				F8A2558C1BF3D2F90045C482 /* LastManStanton */,
				F8A2558B1BF3D2F90045C482 /* Products */,
				4C99671BCEE159D26BB7958B /* Frameworks */,
				82937BB843134C7898FFAC50 /* Pods */,
			);
			sourceTree = "<group>";
		};
		F8A2558B1BF3D2F90045C482 /* Products */ = {
			isa = PBXGroup;
			children = (
				F8A2558A1BF3D2F90045C482 /* LastMan.app */,
			);
			name = Products;
			sourceTree = "<group>";
		};
		F8A2558C1BF3D2F90045C482 /* LastManStanton */ = {
			isa = PBXGroup;
			children = (
				F8A2558D1BF3D2F90045C482 /* AppDelegate.swift */,
				F8D7E67F1BFA97FD009772C7 /* Utilities */,
				F8D7E67D1BFA96D0009772C7 /* ViewControllers */,
				F8D7E67E1BFA96D8009772C7 /* Models */,
				F8A255911BF3D2F90045C482 /* Main.storyboard */,
				F8A255961BF3D2F90045C482 /* LaunchScreen.storyboard */,
				F8A255941BF3D2F90045C482 /* Assets.xcassets */,
				F8A255991BF3D2F90045C482 /* Info.plist */,
				F8D7E68A1C0E5448009772C7 /* Options.plist */,
				F86FD22A1C10E70A00E0DBCE /* Settings.bundle */,
			);
			path = LastManStanton;
			sourceTree = "<group>";
		};
		F8D7E67D1BFA96D0009772C7 /* ViewControllers */ = {
			isa = PBXGroup;
			children = (
				F8D7E6781BFA91AF009772C7 /* ActorSearchViewController.swift */,
				F8A2558F1BF3D2F90045C482 /* MovieListViewController.swift */,
				F8D7E67A1BFA9200009772C7 /* StartGameViewController.swift */,
				F8D7E6841C0DDE3E009772C7 /* OptionsInfoViewController.swift */,
			);
			name = ViewControllers;
			sourceTree = "<group>";
		};
		F8D7E67E1BFA96D8009772C7 /* Models */ = {
			isa = PBXGroup;
			children = (
				F8D7E6741BF3FFCF009772C7 /* Movie.swift */,
				F8D7E6761BFA8838009772C7 /* Person.swift */,
			);
			name = Models;
			sourceTree = "<group>";
		};
		F8D7E67F1BFA97FD009772C7 /* Utilities */ = {
			isa = PBXGroup;
			children = (
				F8D7E6721BF3E183009772C7 /* APIManager.swift */,
				F8D7E6861C0DE0BD009772C7 /* UIViewController+ShowAlert.swift */,
				F86FD22E1C10EA5600E0DBCE /* String+Comparison.swift */,
				F8D7E6881C0E5296009772C7 /* PListUtility.swift */,
				F8D7E68C1C0F3E7C009772C7 /* Constants.swift */,
				F86FD22C1C10E8E900E0DBCE /* Formatters.swift */,
			);
			name = Utilities;
			sourceTree = "<group>";
		};
/* End PBXGroup section */

/* Begin PBXNativeTarget section */
		F8A255891BF3D2F90045C482 /* LastManStanton */ = {
			isa = PBXNativeTarget;
			buildConfigurationList = F8A2559C1BF3D2F90045C482 /* Build configuration list for PBXNativeTarget "LastManStanton" */;
			buildPhases = (
				F8A255861BF3D2F90045C482 /* Sources */,
				F8A255871BF3D2F90045C482 /* Frameworks */,
				F8A255881BF3D2F90045C482 /* Resources */,
				CDF0D45A80AB7680DE3F8550 /* Embed Pods Frameworks */,
				F8A0A8811C9455A600FBAB87 /* ShellScript */,
			);
			buildRules = (
			);
			dependencies = (
			);
			name = LastManStanton;
			productName = LastManStanton;
			productReference = F8A2558A1BF3D2F90045C482 /* LastMan.app */;
			productType = "com.apple.product-type.application";
		};
/* End PBXNativeTarget section */

/* Begin PBXProject section */
		F8A255821BF3D2F90045C482 /* Project object */ = {
			isa = PBXProject;
			attributes = {
				LastSwiftUpdateCheck = 0710;
				LastUpgradeCheck = 0710;
				ORGANIZATIONNAME = "My Tiny Sandbox";
				TargetAttributes = {
					F8A255891BF3D2F90045C482 = {
						CreatedOnToolsVersion = 7.1.1;
						DevelopmentTeam = WBN229NZM2;
					};
				};
			};
			buildConfigurationList = F8A255851BF3D2F90045C482 /* Build configuration list for PBXProject "LastManStanton" */;
			compatibilityVersion = "Xcode 3.2";
			developmentRegion = English;
			hasScannedForEncodings = 0;
			knownRegions = (
				en,
				Base,
			);
			mainGroup = F8A255811BF3D2F90045C482;
			productRefGroup = F8A2558B1BF3D2F90045C482 /* Products */;
			projectDirPath = "";
			projectRoot = "";
			targets = (
				F8A255891BF3D2F90045C482 /* LastManStanton */,
			);
		};
/* End PBXProject section */

/* Begin PBXResourcesBuildPhase section */
		F8A255881BF3D2F90045C482 /* Resources */ = {
			isa = PBXResourcesBuildPhase;
			buildActionMask = 2147483647;
			files = (
				F8A255981BF3D2F90045C482 /* LaunchScreen.storyboard in Resources */,
				F8A255951BF3D2F90045C482 /* Assets.xcassets in Resources */,
				F86FD22B1C10E70A00E0DBCE /* Settings.bundle in Resources */,
				F8D7E68B1C0E5448009772C7 /* Options.plist in Resources */,
				F8A255931BF3D2F90045C482 /* Main.storyboard in Resources */,
			);
			runOnlyForDeploymentPostprocessing = 0;
		};
/* End PBXResourcesBuildPhase section */

/* Begin PBXShellScriptBuildPhase section */
		CDF0D45A80AB7680DE3F8550 /* Embed Pods Frameworks */ = {
			isa = PBXShellScriptBuildPhase;
			buildActionMask = 2147483647;
			files = (
			);
			inputPaths = (
			);
			name = "Embed Pods Frameworks";
			outputPaths = (
			);
			runOnlyForDeploymentPostprocessing = 0;
			shellPath = /bin/sh;
			shellScript = "\"${SRCROOT}/Pods/Target Support Files/Pods/Pods-frameworks.sh\"\n";
			showEnvVarsInLog = 0;
		};
		F8A0A8811C9455A600FBAB87 /* ShellScript */ = {
			isa = PBXShellScriptBuildPhase;
			buildActionMask = 2147483647;
			files = (
			);
			inputPaths = (
			);
			outputPaths = (
			);
			runOnlyForDeploymentPostprocessing = 0;
			shellPath = /bin/sh;
			shellScript = "\"${PODS_ROOT}/Fabric/run\" 763124e9d32ff2ffe2ec4a409aec73f7bd663f15 cca8d336682ca27048295c9abc8cf16bb7216bb1b5a1a8b90786a7dfaa72d3ef";
		};
/* End PBXShellScriptBuildPhase section */

/* Begin PBXSourcesBuildPhase section */
		F8A255861BF3D2F90045C482 /* Sources */ = {
			isa = PBXSourcesBuildPhase;
			buildActionMask = 2147483647;
			files = (
				F8D7E67B1BFA9200009772C7 /* StartGameViewController.swift in Sources */,
				F8D7E68D1C0F3E7C009772C7 /* Constants.swift in Sources */,
				F8D7E6851C0DDE3E009772C7 /* OptionsInfoViewController.swift in Sources */,
				F8D7E6791BFA91B0009772C7 /* ActorSearchViewController.swift in Sources */,
				F8D7E6771BFA8838009772C7 /* Person.swift in Sources */,
				F8D7E6871C0DE0BD009772C7 /* UIViewController+ShowAlert.swift in Sources */,
				F86FD22D1C10E8E900E0DBCE /* Formatters.swift in Sources */,
				F86FD22F1C10EA5600E0DBCE /* String+Comparison.swift in Sources */,
				F8D7E6731BF3E183009772C7 /* APIManager.swift in Sources */,
				F8A255901BF3D2F90045C482 /* MovieListViewController.swift in Sources */,
				F8D7E6891C0E5296009772C7 /* PListUtility.swift in Sources */,
				F8D7E6751BF3FFCF009772C7 /* Movie.swift in Sources */,
				F8A2558E1BF3D2F90045C482 /* AppDelegate.swift in Sources */,
			);
			runOnlyForDeploymentPostprocessing = 0;
		};
/* End PBXSourcesBuildPhase section */

/* Begin PBXVariantGroup section */
		F8A255911BF3D2F90045C482 /* Main.storyboard */ = {
			isa = PBXVariantGroup;
			children = (
				F8A255921BF3D2F90045C482 /* Base */,
			);
			name = Main.storyboard;
			sourceTree = "<group>";
		};
		F8A255961BF3D2F90045C482 /* LaunchScreen.storyboard */ = {
			isa = PBXVariantGroup;
			children = (
				F8A255971BF3D2F90045C482 /* Base */,
			);
			name = LaunchScreen.storyboard;
			sourceTree = "<group>";
		};
/* End PBXVariantGroup section */

/* Begin XCBuildConfiguration section */
		F8A2559A1BF3D2F90045C482 /* Debug */ = {
			isa = XCBuildConfiguration;
			buildSettings = {
				ALWAYS_SEARCH_USER_PATHS = NO;
				CLANG_CXX_LANGUAGE_STANDARD = "gnu++0x";
				CLANG_CXX_LIBRARY = "libc++";
				CLANG_ENABLE_MODULES = YES;
				CLANG_ENABLE_OBJC_ARC = YES;
				CLANG_WARN_BOOL_CONVERSION = YES;
				CLANG_WARN_CONSTANT_CONVERSION = YES;
				CLANG_WARN_DIRECT_OBJC_ISA_USAGE = YES_ERROR;
				CLANG_WARN_EMPTY_BODY = YES;
				CLANG_WARN_ENUM_CONVERSION = YES;
				CLANG_WARN_INT_CONVERSION = YES;
				CLANG_WARN_OBJC_ROOT_CLASS = YES_ERROR;
				CLANG_WARN_UNREACHABLE_CODE = YES;
				CLANG_WARN__DUPLICATE_METHOD_MATCH = YES;
				"CODE_SIGN_IDENTITY[sdk=iphoneos*]" = "iPhone Developer";
				COPY_PHASE_STRIP = NO;
				DEBUG_INFORMATION_FORMAT = dwarf;
				ENABLE_STRICT_OBJC_MSGSEND = YES;
				ENABLE_TESTABILITY = YES;
				GCC_C_LANGUAGE_STANDARD = gnu99;
				GCC_DYNAMIC_NO_PIC = NO;
				GCC_NO_COMMON_BLOCKS = YES;
				GCC_OPTIMIZATION_LEVEL = 0;
				GCC_PREPROCESSOR_DEFINITIONS = (
					"DEBUG=1",
					"$(inherited)",
				);
				GCC_WARN_64_TO_32_BIT_CONVERSION = YES;
				GCC_WARN_ABOUT_RETURN_TYPE = YES_ERROR;
				GCC_WARN_UNDECLARED_SELECTOR = YES;
				GCC_WARN_UNINITIALIZED_AUTOS = YES_AGGRESSIVE;
				GCC_WARN_UNUSED_FUNCTION = YES;
				GCC_WARN_UNUSED_VARIABLE = YES;
				IPHONEOS_DEPLOYMENT_TARGET = 9.1;
				MTL_ENABLE_DEBUG_INFO = YES;
				ONLY_ACTIVE_ARCH = YES;
				SDKROOT = iphoneos;
				SWIFT_OPTIMIZATION_LEVEL = "-Onone";
				TARGETED_DEVICE_FAMILY = "1,2";
			};
			name = Debug;
		};
		F8A2559B1BF3D2F90045C482 /* Release */ = {
			isa = XCBuildConfiguration;
			buildSettings = {
				ALWAYS_SEARCH_USER_PATHS = NO;
				CLANG_CXX_LANGUAGE_STANDARD = "gnu++0x";
				CLANG_CXX_LIBRARY = "libc++";
				CLANG_ENABLE_MODULES = YES;
				CLANG_ENABLE_OBJC_ARC = YES;
				CLANG_WARN_BOOL_CONVERSION = YES;
				CLANG_WARN_CONSTANT_CONVERSION = YES;
				CLANG_WARN_DIRECT_OBJC_ISA_USAGE = YES_ERROR;
				CLANG_WARN_EMPTY_BODY = YES;
				CLANG_WARN_ENUM_CONVERSION = YES;
				CLANG_WARN_INT_CONVERSION = YES;
				CLANG_WARN_OBJC_ROOT_CLASS = YES_ERROR;
				CLANG_WARN_UNREACHABLE_CODE = YES;
				CLANG_WARN__DUPLICATE_METHOD_MATCH = YES;
				"CODE_SIGN_IDENTITY[sdk=iphoneos*]" = "iPhone Developer";
				COPY_PHASE_STRIP = NO;
				DEBUG_INFORMATION_FORMAT = "dwarf-with-dsym";
				ENABLE_NS_ASSERTIONS = NO;
				ENABLE_STRICT_OBJC_MSGSEND = YES;
				GCC_C_LANGUAGE_STANDARD = gnu99;
				GCC_NO_COMMON_BLOCKS = YES;
				GCC_WARN_64_TO_32_BIT_CONVERSION = YES;
				GCC_WARN_ABOUT_RETURN_TYPE = YES_ERROR;
				GCC_WARN_UNDECLARED_SELECTOR = YES;
				GCC_WARN_UNINITIALIZED_AUTOS = YES_AGGRESSIVE;
				GCC_WARN_UNUSED_FUNCTION = YES;
				GCC_WARN_UNUSED_VARIABLE = YES;
				IPHONEOS_DEPLOYMENT_TARGET = 9.1;
				MTL_ENABLE_DEBUG_INFO = NO;
				SDKROOT = iphoneos;
				TARGETED_DEVICE_FAMILY = "1,2";
				VALIDATE_PRODUCT = YES;
			};
			name = Release;
		};
		F8A2559D1BF3D2F90045C482 /* Debug */ = {
			isa = XCBuildConfiguration;
			baseConfigurationReference = 84275FE9D9333421DA8929C2 /* Pods.debug.xcconfig */;
			buildSettings = {
				ASSETCATALOG_COMPILER_APPICON_NAME = AppIcon;
				CODE_SIGN_IDENTITY = "iPhone Developer";
				DEBUG_INFORMATION_FORMAT = "dwarf-with-dsym";
				INFOPLIST_FILE = LastManStanton/Info.plist;
				IPHONEOS_DEPLOYMENT_TARGET = 8.1;
				LD_RUNPATH_SEARCH_PATHS = "$(inherited) @executable_path/Frameworks";
				PRODUCT_BUNDLE_IDENTIFIER = com.mts.LastManStanton;
				PRODUCT_NAME = LastMan;
				TARGETED_DEVICE_FAMILY = 1;
			};
			name = Debug;
		};
		F8A2559E1BF3D2F90045C482 /* Release */ = {
			isa = XCBuildConfiguration;
			baseConfigurationReference = 16053C1CE6D6CCA6FDE715D2 /* Pods.release.xcconfig */;
			buildSettings = {
				ASSETCATALOG_COMPILER_APPICON_NAME = AppIcon;
				CODE_SIGN_IDENTITY = "iPhone Developer";
				INFOPLIST_FILE = LastManStanton/Info.plist;
				IPHONEOS_DEPLOYMENT_TARGET = 8.1;
				LD_RUNPATH_SEARCH_PATHS = "$(inherited) @executable_path/Frameworks";
				PRODUCT_BUNDLE_IDENTIFIER = com.mts.LastManStanton;
				PRODUCT_NAME = LastMan;
				TARGETED_DEVICE_FAMILY = 1;
			};
			name = Release;
		};
/* End XCBuildConfiguration section */

/* Begin XCConfigurationList section */
		F8A255851BF3D2F90045C482 /* Build configuration list for PBXProject "LastManStanton" */ = {
			isa = XCConfigurationList;
			buildConfigurations = (
				F8A2559A1BF3D2F90045C482 /* Debug */,
				F8A2559B1BF3D2F90045C482 /* Release */,
			);
			defaultConfigurationIsVisible = 0;
			defaultConfigurationName = Release;
		};
		F8A2559C1BF3D2F90045C482 /* Build configuration list for PBXNativeTarget "LastManStanton" */ = {
			isa = XCConfigurationList;
			buildConfigurations = (
				F8A2559D1BF3D2F90045C482 /* Debug */,
				F8A2559E1BF3D2F90045C482 /* Release */,
			);
			defaultConfigurationIsVisible = 0;
			defaultConfigurationName = Release;
		};
/* End XCConfigurationList section */
	};
	rootObject = F8A255821BF3D2F90045C482 /* Project object */;
}
